
Microsoft Visual Studio Solution File, Format Version 12.00
# Visual Studio 15
VisualStudioVersion = 15.0.28307.1758
MinimumVisualStudioVersion = 10.0.40219.1
Project("{FAE04EC0-301F-11D3-BF4B-00C04F79EFBC}") = "MainForm", "MainForm\MainForm.csproj", "{1B36AF32-A4BD-4AF0-AACB-43B43CFFBAED}"
EndProject
Project("{FAE04EC0-301F-11D3-BF4B-00C04F79EFBC}") = "Logger", "Logger\Logger.csproj", "{E01E21BD-FD81-4B4B-ADFB-57A4ABAE2375}"
EndProject
Global
	GlobalSection(SolutionConfigurationPlatforms) = preSolution
		Debug|Any CPU = Debug|Any CPU
		Release|Any CPU = Release|Any CPU
	EndGlobalSection
	GlobalSection(ProjectConfigurationPlatforms) = postSolution
		{1B36AF32-A4BD-4AF0-AACB-43B43CFFBAED}.Debug|Any CPU.ActiveCfg = Debug|Any CPU
		{1B36AF32-A4BD-4AF0-AACB-43B43CFFBAED}.Debug|Any CPU.Build.0 = Debug|Any CPU
		{1B36AF32-A4BD-4AF0-AACB-43B43CFFBAED}.Release|Any CPU.ActiveCfg = Release|Any CPU
		{1B36AF32-A4BD-4AF0-AACB-43B43CFFBAED}.Release|Any CPU.Build.0 = Release|Any CPU
		{E01E21BD-FD81-4B4B-ADFB-57A4ABAE2375}.Debug|Any CPU.ActiveCfg = Debug|Any CPU
		{E01E21BD-FD81-4B4B-ADFB-57A4ABAE2375}.Debug|Any CPU.Build.0 = Debug|Any CPU
		{E01E21BD-FD81-4B4B-ADFB-57A4ABAE2375}.Release|Any CPU.ActiveCfg = Release|Any CPU
		{E01E21BD-FD81-4B4B-ADFB-57A4ABAE2375}.Release|Any CPU.Build.0 = Release|Any CPU
	EndGlobalSection
	GlobalSection(SolutionProperties) = preSolution
		HideSolutionNode = FALSE
	EndGlobalSection
	GlobalSection(ExtensibilityGlobals) = postSolution
		SolutionGuid = {0A42187B-9993-4084-A0E1-14902FE72B80}
	EndGlobalSection
EndGlobal
